// !$*UTF8*$!
{
	archiveVersion = 1;
	classes = {
	};
	objectVersion = 50;
	objects = {

/* Begin PBXBuildFile section */
		73FBBA8D25AF16DD00E3DC1A /* RockPaperScissors_Win_LoseApp.swift in Sources */ = {isa = PBXBuildFile; fileRef = 73FBBA8C25AF16DD00E3DC1A /* RockPaperScissors_Win_LoseApp.swift */; };
		73FBBA8F25AF16DE00E3DC1A /* ContentView.swift in Sources */ = {isa = PBXBuildFile; fileRef = 73FBBA8E25AF16DE00E3DC1A /* ContentView.swift */; };
		73FBBA9125AF16E500E3DC1A /* Assets.xcassets in Resources */ = {isa = PBXBuildFile; fileRef = 73FBBA9025AF16E500E3DC1A /* Assets.xcassets */; };
		73FBBA9425AF16E500E3DC1A /* Preview Assets.xcassets in Resources */ = {isa = PBXBuildFile; fileRef = 73FBBA9325AF16E500E3DC1A /* Preview Assets.xcassets */; };
/* End PBXBuildFile section */

/* Begin PBXFileReference section */
		73FBBA8925AF16DD00E3DC1A /* RockPaperScissors-Win-Lose.app */ = {isa = PBXFileReference; explicitFileType = wrapper.application; includeInIndex = 0; path = "RockPaperScissors-Win-Lose.app"; sourceTree = BUILT_PRODUCTS_DIR; };
		73FBBA8C25AF16DD00E3DC1A /* RockPaperScissors_Win_LoseApp.swift */ = {isa = PBXFileReference; lastKnownFileType = sourcecode.swift; path = RockPaperScissors_Win_LoseApp.swift; sourceTree = "<group>"; };
		73FBBA8E25AF16DE00E3DC1A /* ContentView.swift */ = {isa = PBXFileReference; lastKnownFileType = sourcecode.swift; path = ContentView.swift; sourceTree = "<group>"; };
		73FBBA9025AF16E500E3DC1A /* Assets.xcassets */ = {isa = PBXFileReference; lastKnownFileType = folder.assetcatalog; path = Assets.xcassets; sourceTree = "<group>"; };
		73FBBA9325AF16E500E3DC1A /* Preview Assets.xcassets */ = {isa = PBXFileReference; lastKnownFileType = folder.assetcatalog; path = "Preview Assets.xcassets"; sourceTree = "<group>"; };
		73FBBA9525AF16E500E3DC1A /* Info.plist */ = {isa = PBXFileReference; lastKnownFileType = text.plist.xml; path = Info.plist; sourceTree = "<group>"; };
/* End PBXFileReference section */

/* Begin PBXFrameworksBuildPhase section */
		73FBBA8625AF16DD00E3DC1A /* Frameworks */ = {
			isa = PBXFrameworksBuildPhase;
			buildActionMask = 2147483647;
			files = (
			);
			runOnlyForDeploymentPostprocessing = 0;
		};
/* End PBXFrameworksBuildPhase section */

/* Begin PBXGroup section */
		73FBBA8025AF16DD00E3DC1A = {
			isa = PBXGroup;
			children = (
				73FBBA8B25AF16DD00E3DC1A /* RockPaperScissors-Win-Lose */,
				73FBBA8A25AF16DD00E3DC1A /* Products */,
			);
			sourceTree = "<group>";
		};
		73FBBA8A25AF16DD00E3DC1A /* Products */ = {
			isa = PBXGroup;
			children = (
				73FBBA8925AF16DD00E3DC1A /* RockPaperScissors-Win-Lose.app */,
			);
			name = Products;
			sourceTree = "<group>";
		};
		73FBBA8B25AF16DD00E3DC1A /* RockPaperScissors-Win-Lose */ = {
			isa = PBXGroup;
			children = (
				73FBBA8C25AF16DD00E3DC1A /* RockPaperScissors_Win_LoseApp.swift */,
				73FBBA8E25AF16DE00E3DC1A /* ContentView.swift */,
				73FBBA9025AF16E500E3DC1A /* Assets.xcassets */,
				73FBBA9525AF16E500E3DC1A /* Info.plist */,
				73FBBA9225AF16E500E3DC1A /* Preview Content */,
			);
			path = "RockPaperScissors-Win-Lose";
			sourceTree = "<group>";
		};
		73FBBA9225AF16E500E3DC1A /* Preview Content */ = {
			isa = PBXGroup;
			children = (
				73FBBA9325AF16E500E3DC1A /* Preview Assets.xcassets */,
			);
			path = "Preview Content";
			sourceTree = "<group>";
		};
/* End PBXGroup section */

/* Begin PBXNativeTarget section */
		73FBBA8825AF16DD00E3DC1A /* RockPaperScissors-Win-Lose */ = {
			isa = PBXNativeTarget;
			buildConfigurationList = 73FBBA9825AF16E500E3DC1A /* Build configuration list for PBXNativeTarget "RockPaperScissors-Win-Lose" */;
			buildPhases = (
				73FBBA8525AF16DD00E3DC1A /* Sources */,
				73FBBA8625AF16DD00E3DC1A /* Frameworks */,
				73FBBA8725AF16DD00E3DC1A /* Resources */,
			);
			buildRules = (
			);
			dependencies = (
			);
			name = "RockPaperScissors-Win-Lose";
			productName = "RockPaperScissors-Win-Lose";
			productReference = 73FBBA8925AF16DD00E3DC1A /* RockPaperScissors-Win-Lose.app */;
			productType = "com.apple.product-type.application";
		};
/* End PBXNativeTarget section */

/* Begin PBXProject section */
		73FBBA8125AF16DD00E3DC1A /* Project object */ = {
			isa = PBXProject;
			attributes = {
				LastSwiftUpdateCheck = 1220;
				LastUpgradeCheck = 1220;
				TargetAttributes = {
					73FBBA8825AF16DD00E3DC1A = {
						CreatedOnToolsVersion = 12.2;
					};
				};
			};
			buildConfigurationList = 73FBBA8425AF16DD00E3DC1A /* Build configuration list for PBXProject "RockPaperScissors-Win-Lose" */;
			compatibilityVersion = "Xcode 9.3";
			developmentRegion = en;
			hasScannedForEncodings = 0;
			knownRegions = (
				en,
				Base,
			);
			mainGroup = 73FBBA8025AF16DD00E3DC1A;
			productRefGroup = 73FBBA8A25AF16DD00E3DC1A /* Products */;
			projectDirPath = "";
			projectRoot = "";
			targets = (
				73FBBA8825AF16DD00E3DC1A /* RockPaperScissors-Win-Lose */,
			);
		};
/* End PBXProject section */

/* Begin PBXResourcesBuildPhase section */
		73FBBA8725AF16DD00E3DC1A /* Resources */ = {
			isa = PBXResourcesBuildPhase;
			buildActionMask = 2147483647;
			files = (
				73FBBA9425AF16E500E3DC1A /* Preview Assets.xcassets in Resources */,
				73FBBA9125AF16E500E3DC1A /* Assets.xcassets in Resources */,
			);
			runOnlyForDeploymentPostprocessing = 0;
		};
/* End PBXResourcesBuildPhase section */

/* Begin PBXSourcesBuildPhase section */
		73FBBA8525AF16DD00E3DC1A /* Sources */ = {
			isa = PBXSourcesBuildPhase;
			buildActionMask = 2147483647;
			files = (
				73FBBA8F25AF16DE00E3DC1A /* ContentView.swift in Sources */,
				73FBBA8D25AF16DD00E3DC1A /* RockPaperScissors_Win_LoseApp.swift in Sources */,
			);
			runOnlyForDeploymentPostprocessing = 0;
		};
/* End PBXSourcesBuildPhase section */

/* Begin XCBuildConfiguration section */
		73FBBA9625AF16E500E3DC1A /* Debug */ = {
			isa = XCBuildConfiguration;
			buildSettings = {
				ALWAYS_SEARCH_USER_PATHS = NO;
				CLANG_ANALYZER_NONNULL = YES;
				CLANG_ANALYZER_NUMBER_OBJECT_CONVERSION = YES_AGGRESSIVE;
				CLANG_CXX_LANGUAGE_STANDARD = "gnu++14";
				CLANG_CXX_LIBRARY = "libc++";
				CLANG_ENABLE_MODULES = YES;
				CLANG_ENABLE_OBJC_ARC = YES;
				CLANG_ENABLE_OBJC_WEAK = YES;
				CLANG_WARN_BLOCK_CAPTURE_AUTORELEASING = YES;
				CLANG_WARN_BOOL_CONVERSION = YES;
				CLANG_WARN_COMMA = YES;
				CLANG_WARN_CONSTANT_CONVERSION = YES;
				CLANG_WARN_DEPRECATED_OBJC_IMPLEMENTATIONS = YES;
				CLANG_WARN_DIRECT_OBJC_ISA_USAGE = YES_ERROR;
				CLANG_WARN_DOCUMENTATION_COMMENTS = YES;
				CLANG_WARN_EMPTY_BODY = YES;
				CLANG_WARN_ENUM_CONVERSION = YES;
				CLANG_WARN_INFINITE_RECURSION = YES;
				CLANG_WARN_INT_CONVERSION = YES;
				CLANG_WARN_NON_LITERAL_NULL_CONVERSION = YES;
				CLANG_WARN_OBJC_IMPLICIT_RETAIN_SELF = YES;
				CLANG_WARN_OBJC_LITERAL_CONVERSION = YES;
				CLANG_WARN_OBJC_ROOT_CLASS = YES_ERROR;
				CLANG_WARN_QUOTED_INCLUDE_IN_FRAMEWORK_HEADER = YES;
				CLANG_WARN_RANGE_LOOP_ANALYSIS = YES;
				CLANG_WARN_STRICT_PROTOTYPES = YES;
				CLANG_WARN_SUSPICIOUS_MOVE = YES;
				CLANG_WARN_UNGUARDED_AVAILABILITY = YES_AGGRESSIVE;
				CLANG_WARN_UNREACHABLE_CODE = YES;
				CLANG_WARN__DUPLICATE_METHOD_MATCH = YES;
				COPY_PHASE_STRIP = NO;
				DEBUG_INFORMATION_FORMAT = dwarf;
				ENABLE_STRICT_OBJC_MSGSEND = YES;
				ENABLE_TESTABILITY = YES;
				GCC_C_LANGUAGE_STANDARD = gnu11;
				GCC_DYNAMIC_NO_PIC = NO;
				GCC_NO_COMMON_BLOCKS = YES;
				GCC_OPTIMIZATION_LEVEL = 0;
				GCC_PREPROCESSOR_DEFINITIONS = (
					"DEBUG=1",
					"$(inherited)",
				);
				GCC_WARN_64_TO_32_BIT_CONVERSION = YES;
				GCC_WARN_ABOUT_RETURN_TYPE = YES_ERROR;
				GCC_WARN_UNDECLARED_SELECTOR = YES;
				GCC_WARN_UNINITIALIZED_AUTOS = YES_AGGRESSIVE;
				GCC_WARN_UNUSED_FUNCTION = YES;
				GCC_WARN_UNUSED_VARIABLE = YES;
				IPHONEOS_DEPLOYMENT_TARGET = 14.2;
				MTL_ENABLE_DEBUG_INFO = INCLUDE_SOURCE;
				MTL_FAST_MATH = YES;
				ONLY_ACTIVE_ARCH = YES;
				SDKROOT = iphoneos;
				SWIFT_ACTIVE_COMPILATION_CONDITIONS = DEBUG;
				SWIFT_OPTIMIZATION_LEVEL = "-Onone";
			};
			name = Debug;
		};
		73FBBA9725AF16E500E3DC1A /* Release */ = {
			isa = XCBuildConfiguration;
			buildSettings = {
				ALWAYS_SEARCH_USER_PATHS = NO;
				CLANG_ANALYZER_NONNULL = YES;
				CLANG_ANALYZER_NUMBER_OBJECT_CONVERSION = YES_AGGRESSIVE;
				CLANG_CXX_LANGUAGE_STANDARD = "gnu++14";
				CLANG_CXX_LIBRARY = "libc++";
				CLANG_ENABLE_MODULES = YES;
				CLANG_ENABLE_OBJC_ARC = YES;
				CLANG_ENABLE_OBJC_WEAK = YES;
				CLANG_WARN_BLOCK_CAPTURE_AUTORELEASING = YES;
				CLANG_WARN_BOOL_CONVERSION = YES;
				CLANG_WARN_COMMA = YES;
				CLANG_WARN_CONSTANT_CONVERSION = YES;
				CLANG_WARN_DEPRECATED_OBJC_IMPLEMENTATIONS = YES;
				CLANG_WARN_DIRECT_OBJC_ISA_USAGE = YES_ERROR;
				CLANG_WARN_DOCUMENTATION_COMMENTS = YES;
				CLANG_WARN_EMPTY_BODY = YES;
				CLANG_WARN_ENUM_CONVERSION = YES;
				CLANG_WARN_INFINITE_RECURSION = YES;
				CLANG_WARN_INT_CONVERSION = YES;
				CLANG_WARN_NON_LITERAL_NULL_CONVERSION = YES;
				CLANG_WARN_OBJC_IMPLICIT_RETAIN_SELF = YES;
				CLANG_WARN_OBJC_LITERAL_CONVERSION = YES;
				CLANG_WARN_OBJC_ROOT_CLASS = YES_ERROR;
				CLANG_WARN_QUOTED_INCLUDE_IN_FRAMEWORK_HEADER = YES;
				CLANG_WARN_RANGE_LOOP_ANALYSIS = YES;
				CLANG_WARN_STRICT_PROTOTYPES = YES;
				CLANG_WARN_SUSPICIOUS_MOVE = YES;
				CLANG_WARN_UNGUARDED_AVAILABILITY = YES_AGGRESSIVE;
				CLANG_WARN_UNREACHABLE_CODE = YES;
				CLANG_WARN__DUPLICATE_METHOD_MATCH = YES;
				COPY_PHASE_STRIP = NO;
				DEBUG_INFORMATION_FORMAT = "dwarf-with-dsym";
				ENABLE_NS_ASSERTIONS = NO;
				ENABLE_STRICT_OBJC_MSGSEND = YES;
				GCC_C_LANGUAGE_STANDARD = gnu11;
				GCC_NO_COMMON_BLOCKS = YES;
				GCC_WARN_64_TO_32_BIT_CONVERSION = YES;
				GCC_WARN_ABOUT_RETURN_TYPE = YES_ERROR;
				GCC_WARN_UNDECLARED_SELECTOR = YES;
				GCC_WARN_UNINITIALIZED_AUTOS = YES_AGGRESSIVE;
				GCC_WARN_UNUSED_FUNCTION = YES;
				GCC_WARN_UNUSED_VARIABLE = YES;
				IPHONEOS_DEPLOYMENT_TARGET = 14.2;
				MTL_ENABLE_DEBUG_INFO = NO;
				MTL_FAST_MATH = YES;
				SDKROOT = iphoneos;
				SWIFT_COMPILATION_MODE = wholemodule;
				SWIFT_OPTIMIZATION_LEVEL = "-O";
				VALIDATE_PRODUCT = YES;
			};
			name = Release;
		};
		73FBBA9925AF16E500E3DC1A /* Debug */ = {
			isa = XCBuildConfiguration;
			buildSettings = {
				ASSETCATALOG_COMPILER_APPICON_NAME = AppIcon;
				ASSETCATALOG_COMPILER_GLOBAL_ACCENT_COLOR_NAME = AccentColor;
				CODE_SIGN_STYLE = Automatic;
				DEVELOPMENT_ASSET_PATHS = "\"RockPaperScissors-Win-Lose/Preview Content\"";
				DEVELOPMENT_TEAM = H74UG4ZB8B;
				ENABLE_PREVIEWS = YES;
				INFOPLIST_FILE = "RockPaperScissors-Win-Lose/Info.plist";
				IPHONEOS_DEPLOYMENT_TARGET = 14.0;
				LD_RUNPATH_SEARCH_PATHS = (
					"$(inherited)",
					"@executable_path/Frameworks",
				);
				PRODUCT_BUNDLE_IDENTIFIER = "com.asobirov.RockPaperScissors-Win-Lose";
				PRODUCT_NAME = "$(TARGET_NAME)";
				SWIFT_VERSION = 5.0;
				TARGETED_DEVICE_FAMILY = "1,2";
			};
			name = Debug;
		};
		73FBBA9A25AF16E500E3DC1A /* Release */ = {
			isa = XCBuildConfiguration;
			buildSettings = {
				ASSETCATALOG_COMPILER_APPICON_NAME = AppIcon;
				ASSETCATALOG_COMPILER_GLOBAL_ACCENT_COLOR_NAME = AccentColor;
				CODE_SIGN_STYLE = Automatic;
				DEVELOPMENT_ASSET_PATHS = "\"RockPaperScissors-Win-Lose/Preview Content\"";
				DEVELOPMENT_TEAM = H74UG4ZB8B;
				ENABLE_PREVIEWS = YES;
				INFOPLIST_FILE = "RockPaperScissors-Win-Lose/Info.plist";
				IPHONEOS_DEPLOYMENT_TARGET = 14.0;
				LD_RUNPATH_SEARCH_PATHS = (
					"$(inherited)",
					"@executable_path/Frameworks",
				);
				PRODUCT_BUNDLE_IDENTIFIER = "com.asobirov.RockPaperScissors-Win-Lose";
				PRODUCT_NAME = "$(TARGET_NAME)";
				SWIFT_VERSION = 5.0;
				TARGETED_DEVICE_FAMILY = "1,2";
			};
			name = Release;
		};
/* End XCBuildConfiguration section */

/* Begin XCConfigurationList section */
		73FBBA8425AF16DD00E3DC1A /* Build configuration list for PBXProject "RockPaperScissors-Win-Lose" */ = {
			isa = XCConfigurationList;
			buildConfigurations = (
				73FBBA9625AF16E500E3DC1A /* Debug */,
				73FBBA9725AF16E500E3DC1A /* Release */,
			);
			defaultConfigurationIsVisible = 0;
			defaultConfigurationName = Release;
		};
		73FBBA9825AF16E500E3DC1A /* Build configuration list for PBXNativeTarget "RockPaperScissors-Win-Lose" */ = {
			isa = XCConfigurationList;
			buildConfigurations = (
				73FBBA9925AF16E500E3DC1A /* Debug */,
				73FBBA9A25AF16E500E3DC1A /* Release */,
			);
			defaultConfigurationIsVisible = 0;
			defaultConfigurationName = Release;
		};
/* End XCConfigurationList section */
	};
	rootObject = 73FBBA8125AF16DD00E3DC1A /* Project object */;
}
